
Microsoft Visual Studio Solution File, Format Version 12.00
# Visual Studio Version 16
VisualStudioVersion = 16.0.29306.81
MinimumVisualStudioVersion = 10.0.40219.1
Project("{8BC9CEB8-8B4A-11D0-8D11-00A0C91BC942}") = "Commas, and conditional op", "Commas, and conditional op\Commas, and conditional op.vcxproj", "{DDD5B21A-62C2-483B-B5AE-2060C6629781}"
EndProject
Global
	GlobalSection(SolutionConfigurationPlatforms) = preSolution
		Debug|x64 = Debug|x64
		Debug|x86 = Debug|x86
		Release|x64 = Release|x64
		Release|x86 = Release|x86
	EndGlobalSection
	GlobalSection(ProjectConfigurationPlatforms) = postSolution
		{DDD5B21A-62C2-483B-B5AE-2060C6629781}.Debug|x64.ActiveCfg = Debug|x64
		{DDD5B21A-62C2-483B-B5AE-2060C6629781}.Debug|x64.Build.0 = Debug|x64
		{DDD5B21A-62C2-483B-B5AE-2060C6629781}.Debug|x86.ActiveCfg = Debug|Win32
		{DDD5B21A-62C2-483B-B5AE-2060C6629781}.Debug|x86.Build.0 = Debug|Win32
		{DDD5B21A-62C2-483B-B5AE-2060C6629781}.Release|x64.ActiveCfg = Release|x64
		{DDD5B21A-62C2-483B-B5AE-2060C6629781}.Release|x64.Build.0 = Release|x64
		{DDD5B21A-62C2-483B-B5AE-2060C6629781}.Release|x86.ActiveCfg = Release|Win32
		{DDD5B21A-62C2-483B-B5AE-2060C6629781}.Release|x86.Build.0 = Release|Win32
	EndGlobalSection
	GlobalSection(SolutionProperties) = preSolution
		HideSolutionNode = FALSE
	EndGlobalSection
	GlobalSection(ExtensibilityGlobals) = postSolution
		SolutionGuid = {53458318-D981-4A9B-AC70-D2509261E911}
	EndGlobalSection
EndGlobal
